
Microsoft Visual Studio Solution File, Format Version 10.00
# Visual Studio 2008
Project("{FAE04EC0-301F-11D3-BF4B-00C04F79EFBC}") = "EnumerationExample", "EnumerationExample.csproj", "{6F38984B-5EDD-4865-A752-2300F8B697E6}"
EndProject
Global
	GlobalSection(SolutionConfigurationPlatforms) = preSolution
		Debug|Any CPU = Debug|Any CPU
		Release|Any CPU = Release|Any CPU
	EndGlobalSection
	GlobalSection(ProjectConfigurationPlatforms) = postSolution
		{6F38984B-5EDD-4865-A752-2300F8B697E6}.Debug|Any CPU.ActiveCfg = Debug|Any CPU
		{6F38984B-5EDD-4865-A752-2300F8B697E6}.Debug|Any CPU.Build.0 = Debug|Any CPU
		{6F38984B-5EDD-4865-A752-2300F8B697E6}.Release|Any CPU.ActiveCfg = Release|Any CPU
		{6F38984B-5EDD-4865-A752-2300F8B697E6}.Release|Any CPU.Build.0 = Release|Any CPU
	EndGlobalSection
	GlobalSection(SolutionProperties) = preSolution
		HideSolutionNode = FALSE
	EndGlobalSection
EndGlobal
