
Microsoft Visual Studio Solution File, Format Version 10.00
# Visual Studio 2008
Project("{FAE04EC0-301F-11D3-BF4B-00C04F79EFBC}") = "DISnet", "DISnet\DISnet.csproj", "{A73759F2-1E80-4253-B3AC-4419744098B0}"
EndProject
Global
	GlobalSection(SolutionConfigurationPlatforms) = preSolution
		Debug|Any CPU = Debug|Any CPU
		Release|Any CPU = Release|Any CPU
	EndGlobalSection
	GlobalSection(ProjectConfigurationPlatforms) = postSolution
		{A73759F2-1E80-4253-B3AC-4419744098B0}.Debug|Any CPU.ActiveCfg = Debug|Any CPU
		{A73759F2-1E80-4253-B3AC-4419744098B0}.Debug|Any CPU.Build.0 = Debug|Any CPU
		{A73759F2-1E80-4253-B3AC-4419744098B0}.Release|Any CPU.ActiveCfg = Release|Any CPU
		{A73759F2-1E80-4253-B3AC-4419744098B0}.Release|Any CPU.Build.0 = Release|Any CPU
	EndGlobalSection
	GlobalSection(SolutionProperties) = preSolution
		HideSolutionNode = FALSE
	EndGlobalSection
EndGlobal
