
Microsoft Visual Studio Solution File, Format Version 12.00
# Visual Studio Version 16
VisualStudioVersion = 16.0.31410.357
MinimumVisualStudioVersion = 10.0.40219.1
Project("{9A19103F-16F7-4668-BE54-9A1E7A4F7556}") = "OpenDis", "OpenDis\OpenDis.csproj", "{628EE35F-450A-49B2-BA46-04FABB66D0BF}"
EndProject
Project("{9A19103F-16F7-4668-BE54-9A1E7A4F7556}") = "OpenDis.Demo", "OpenDis.Demo\OpenDis.Demo.csproj", "{0FC1409E-A9F2-4409-85A3-D989A36C3CB8}"
EndProject
Project("{FAE04EC0-301F-11D3-BF4B-00C04F79EFBC}") = "OpenDis.EspduReceiver", "EspduReceiver\OpenDis.EspduReceiver.csproj", "{70F94942-1466-4E6C-A2A3-89DB19C20159}"
EndProject
Project("{FAE04EC0-301F-11D3-BF4B-00C04F79EFBC}") = "OpenDis.EspduSender", "EspduSender\OpenDis.EspduSender.csproj", "{AEF2FB06-9CCF-491A-9727-FE6E4C4CF664}"
EndProject
Project("{2150E333-8FDC-42A3-9474-1A3956D46DE8}") = "Solution Items", "Solution Items", "{E8734625-A808-4B63-8B33-7692D42DC7F9}"
	ProjectSection(SolutionItems) = preProject
		Directory.Build.props = Directory.Build.props
	EndProjectSection
EndProject
Global
	GlobalSection(SolutionConfigurationPlatforms) = preSolution
		Analysis|AnyCPU = Analysis|AnyCPU
		Debug|AnyCPU = Debug|AnyCPU
		Release|AnyCPU = Release|AnyCPU
	EndGlobalSection
	GlobalSection(ProjectConfigurationPlatforms) = postSolution
		{628EE35F-450A-49B2-BA46-04FABB66D0BF}.Analysis|AnyCPU.ActiveCfg = Analysis|AnyCPU
		{628EE35F-450A-49B2-BA46-04FABB66D0BF}.Analysis|AnyCPU.Build.0 = Analysis|AnyCPU
		{628EE35F-450A-49B2-BA46-04FABB66D0BF}.Debug|AnyCPU.ActiveCfg = Debug|AnyCPU
		{628EE35F-450A-49B2-BA46-04FABB66D0BF}.Debug|AnyCPU.Build.0 = Debug|AnyCPU
		{628EE35F-450A-49B2-BA46-04FABB66D0BF}.Release|AnyCPU.ActiveCfg = Release|AnyCPU
		{628EE35F-450A-49B2-BA46-04FABB66D0BF}.Release|AnyCPU.Build.0 = Release|AnyCPU
		{0FC1409E-A9F2-4409-85A3-D989A36C3CB8}.Analysis|AnyCPU.ActiveCfg = Release|AnyCPU
		{0FC1409E-A9F2-4409-85A3-D989A36C3CB8}.Analysis|AnyCPU.Build.0 = Release|AnyCPU
		{0FC1409E-A9F2-4409-85A3-D989A36C3CB8}.Debug|AnyCPU.ActiveCfg = Debug|AnyCPU
		{0FC1409E-A9F2-4409-85A3-D989A36C3CB8}.Debug|AnyCPU.Build.0 = Debug|AnyCPU
		{0FC1409E-A9F2-4409-85A3-D989A36C3CB8}.Release|AnyCPU.ActiveCfg = Release|AnyCPU
		{0FC1409E-A9F2-4409-85A3-D989A36C3CB8}.Release|AnyCPU.Build.0 = Release|AnyCPU
		{70F94942-1466-4E6C-A2A3-89DB19C20159}.Analysis|AnyCPU.ActiveCfg = Release|AnyCPU
		{70F94942-1466-4E6C-A2A3-89DB19C20159}.Analysis|AnyCPU.Build.0 = Release|AnyCPU
		{70F94942-1466-4E6C-A2A3-89DB19C20159}.Debug|AnyCPU.ActiveCfg = Debug|AnyCPU
		{70F94942-1466-4E6C-A2A3-89DB19C20159}.Debug|AnyCPU.Build.0 = Debug|AnyCPU
		{70F94942-1466-4E6C-A2A3-89DB19C20159}.Release|AnyCPU.ActiveCfg = Release|AnyCPU
		{70F94942-1466-4E6C-A2A3-89DB19C20159}.Release|AnyCPU.Build.0 = Release|AnyCPU
		{AEF2FB06-9CCF-491A-9727-FE6E4C4CF664}.Analysis|AnyCPU.ActiveCfg = Release|AnyCPU
		{AEF2FB06-9CCF-491A-9727-FE6E4C4CF664}.Analysis|AnyCPU.Build.0 = Release|AnyCPU
		{AEF2FB06-9CCF-491A-9727-FE6E4C4CF664}.Debug|AnyCPU.ActiveCfg = Debug|AnyCPU
		{AEF2FB06-9CCF-491A-9727-FE6E4C4CF664}.Debug|AnyCPU.Build.0 = Debug|AnyCPU
		{AEF2FB06-9CCF-491A-9727-FE6E4C4CF664}.Release|AnyCPU.ActiveCfg = Release|AnyCPU
		{AEF2FB06-9CCF-491A-9727-FE6E4C4CF664}.Release|AnyCPU.Build.0 = Release|AnyCPU
	EndGlobalSection
	GlobalSection(SolutionProperties) = preSolution
		HideSolutionNode = FALSE
	EndGlobalSection
	GlobalSection(ExtensibilityGlobals) = postSolution
		SolutionGuid = {7A46741C-233D-4AD7-ABF2-2E9E617DF885}
	EndGlobalSection
EndGlobal
